// !$*UTF8*$!
{
	archiveVersion = 1;
	classes = {
	};
	objectVersion = 56;
	objects = {

/* Begin PBXBuildFile section */
		0015AE8D2C973C85000F3067 /* ScrollViewPagingBootcamp.swift in Sources */ = {isa = PBXBuildFile; fileRef = 0015AE8C2C973C85000F3067 /* ScrollViewPagingBootcamp.swift */; };
		001BC24C2C91E3210011BACF /* AccessibilityTextBootcamp.swift in Sources */ = {isa = PBXBuildFile; fileRef = 001BC24B2C91E3210011BACF /* AccessibilityTextBootcamp.swift */; };
		001E7CC22D1A063300CA6A5C /* PropertyWrapper2Bootcamp.swift in Sources */ = {isa = PBXBuildFile; fileRef = 001E7CC12D1A063200CA6A5C /* PropertyWrapper2Bootcamp.swift */; };
		001FA8E72C7B3F9100BD8BD0 /* DownloadWithEdcapingBootcamp.swift in Sources */ = {isa = PBXBuildFile; fileRef = 001FA8E62C7B3F9100BD8BD0 /* DownloadWithEdcapingBootcamp.swift */; };
		0025E1032CC839540084938C /* CustomTabBarView.swift in Sources */ = {isa = PBXBuildFile; fileRef = 0025E1022CC839540084938C /* CustomTabBarView.swift */; };
		0025E1052CC83EA80084938C /* CustomTabBarContainerView.swift in Sources */ = {isa = PBXBuildFile; fileRef = 0025E1042CC83EA80084938C /* CustomTabBarContainerView.swift */; };
		0025E1072CC848510084938C /* AppTabbarView.swift in Sources */ = {isa = PBXBuildFile; fileRef = 0025E1062CC848510084938C /* AppTabbarView.swift */; };
		0025E1092CC848FE0084938C /* TabBarItemsPreferenceKey.swift in Sources */ = {isa = PBXBuildFile; fileRef = 0025E1082CC848FE0084938C /* TabBarItemsPreferenceKey.swift */; };
		003C74502C904ACA00E1BF78 /* PhotoModelCacheManager.swift in Sources */ = {isa = PBXBuildFile; fileRef = 003C744F2C904ACA00E1BF78 /* PhotoModelCacheManager.swift */; };
		003C74522C904BC500E1BF78 /* PhotoModelFileManager.swift in Sources */ = {isa = PBXBuildFile; fileRef = 003C74512C904BC500E1BF78 /* PhotoModelFileManager.swift */; };
		0042FB952C7F521C0058549D /* CountdownExample.swift in Sources */ = {isa = PBXBuildFile; fileRef = 0042FB942C7F521C0058549D /* CountdownExample.swift */; };
		0043F1AF2CB1EA1700D8274B /* MatchedGeometryEffectBootcamp.swift in Sources */ = {isa = PBXBuildFile; fileRef = 0043F1AE2CB1EA1700D8274B /* MatchedGeometryEffectBootcamp.swift */; };
		0043F1B12CB1F11700D8274B /* CustomShapesBootcamp.swift in Sources */ = {isa = PBXBuildFile; fileRef = 0043F1B02CB1F11700D8274B /* CustomShapesBootcamp.swift */; };
		00474CEC2C7938E70018EB4D /* TestSemaphore.swift in Sources */ = {isa = PBXBuildFile; fileRef = 00474CEB2C7938E70018EB4D /* TestSemaphore.swift */; };
		004894EC2C8771D200528BC9 /* CacheBootcamp.swift in Sources */ = {isa = PBXBuildFile; fileRef = 004894EB2C8771D200528BC9 /* CacheBootcamp.swift */; };
		004C00C32CAC84E30022B806 /* AnyTransitionBootcamp.swift in Sources */ = {isa = PBXBuildFile; fileRef = 004C00C22CAC84E30022B806 /* AnyTransitionBootcamp.swift */; };
		004CC5392CBBBD8100ABC64E /* GenericsBootcamp.swift in Sources */ = {isa = PBXBuildFile; fileRef = 004CC5382CBBBD8100ABC64E /* GenericsBootcamp.swift */; };
		005160972C74FE2200B96BC6 /* BackgroundThreadBootcamp.swift in Sources */ = {isa = PBXBuildFile; fileRef = 005160962C74FE2200B96BC6 /* BackgroundThreadBootcamp.swift */; };
		005C235F2C8B1ED600CDFCFE /* DownloadingImagesBootcamp.swift in Sources */ = {isa = PBXBuildFile; fileRef = 005C235E2C8B1ED600CDFCFE /* DownloadingImagesBootcamp.swift */; };
		005C23612C8B213100CDFCFE /* PhotoModel.swift in Sources */ = {isa = PBXBuildFile; fileRef = 005C23602C8B213100CDFCFE /* PhotoModel.swift */; };
		005C23632C8B21F000CDFCFE /* DownloadingImagesViewModel.swift in Sources */ = {isa = PBXBuildFile; fileRef = 005C23622C8B21F000CDFCFE /* DownloadingImagesViewModel.swift */; };
		005C23652C8B238100CDFCFE /* PhotoModelDataService.swift in Sources */ = {isa = PBXBuildFile; fileRef = 005C23642C8B238100CDFCFE /* PhotoModelDataService.swift */; };
		005C23672C8B339900CDFCFE /* DownloadedImagesRow.swift in Sources */ = {isa = PBXBuildFile; fileRef = 005C23662C8B339900CDFCFE /* DownloadedImagesRow.swift */; };
		005C23692C8B349E00CDFCFE /* DownloadingImageView.swift in Sources */ = {isa = PBXBuildFile; fileRef = 005C23682C8B349E00CDFCFE /* DownloadingImageView.swift */; };
		005C236B2C8B352A00CDFCFE /* ImageLoadingViewModel.swift in Sources */ = {isa = PBXBuildFile; fileRef = 005C236A2C8B352A00CDFCFE /* ImageLoadingViewModel.swift */; };
		005DB19F2C662EA8007B6362 /* MagnificationGestureBootcamp.swift in Sources */ = {isa = PBXBuildFile; fileRef = 005DB19E2C662EA8007B6362 /* MagnificationGestureBootcamp.swift */; };
		0061A2512C957AE500E63692 /* AlignmentGuideBootcamp.swift in Sources */ = {isa = PBXBuildFile; fileRef = 0061A2502C957AE500E63692 /* AlignmentGuideBootcamp.swift */; };
		0061A2532C95A56B00E63692 /* VisualEffectBootcamp.swift in Sources */ = {isa = PBXBuildFile; fileRef = 0061A2522C95A56B00E63692 /* VisualEffectBootcamp.swift */; };
		0069FDAE2CE370AC008B8305 /* AppNavbarView.swift in Sources */ = {isa = PBXBuildFile; fileRef = 0069FDAD2CE370AC008B8305 /* AppNavbarView.swift */; };
		0069FDB02CE3758D008B8305 /* CustomNavbarView.swift in Sources */ = {isa = PBXBuildFile; fileRef = 0069FDAF2CE3758D008B8305 /* CustomNavbarView.swift */; };
		0069FDB22CE37877008B8305 /* CustomNavBarContainerView.swift in Sources */ = {isa = PBXBuildFile; fileRef = 0069FDB12CE37877008B8305 /* CustomNavBarContainerView.swift */; };
		0069FDB42CE37A3E008B8305 /* CustomNavView.swift in Sources */ = {isa = PBXBuildFile; fileRef = 0069FDB32CE37A3E008B8305 /* CustomNavView.swift */; };
		006DF3F02C8625E4007B900C /* FileManagerBootcamp.swift in Sources */ = {isa = PBXBuildFile; fileRef = 006DF3EF2C8625E4007B900C /* FileManagerBootcamp.swift */; };
		007CFA5E2CC45999009141FE /* GeometryPreferenceKeyBootcamp.swift in Sources */ = {isa = PBXBuildFile; fileRef = 007CFA5D2CC45999009141FE /* GeometryPreferenceKeyBootcamp.swift */; };
		007CFA602CC45F7E009141FE /* ScrollViewOffsetPreferenceKey.swift in Sources */ = {isa = PBXBuildFile; fileRef = 007CFA5F2CC45F7E009141FE /* ScrollViewOffsetPreferenceKey.swift */; };
		007D747A2C64CBA400F0AF18 /* ContinuedLearningApp.swift in Sources */ = {isa = PBXBuildFile; fileRef = 007D74792C64CBA400F0AF18 /* ContinuedLearningApp.swift */; };
		007D747C2C64CBA400F0AF18 /* ContentView.swift in Sources */ = {isa = PBXBuildFile; fileRef = 007D747B2C64CBA400F0AF18 /* ContentView.swift */; };
		007D747E2C64CBA500F0AF18 /* Assets.xcassets in Resources */ = {isa = PBXBuildFile; fileRef = 007D747D2C64CBA500F0AF18 /* Assets.xcassets */; };
		007D74812C64CBA500F0AF18 /* Preview Assets.xcassets in Resources */ = {isa = PBXBuildFile; fileRef = 007D74802C64CBA500F0AF18 /* Preview Assets.xcassets */; };
		007D74882C64CF6100F0AF18 /* LongPressGestureBootcamp.swift in Sources */ = {isa = PBXBuildFile; fileRef = 007D74872C64CF6100F0AF18 /* LongPressGestureBootcamp.swift */; };
		007FB7092CB6988A00C4CCFF /* AnimatableDataBootcamp.swift in Sources */ = {isa = PBXBuildFile; fileRef = 007FB7082CB6988A00C4CCFF /* AnimatableDataBootcamp.swift */; };
		008096A42C676ED600D8FB68 /* RotationGestureBootcamp.swift in Sources */ = {isa = PBXBuildFile; fileRef = 008096A32C676ED600D8FB68 /* RotationGestureBootcamp.swift */; };
		008096A62C67744B00D8FB68 /* DragGestureBootcamp.swift in Sources */ = {isa = PBXBuildFile; fileRef = 008096A52C67744B00D8FB68 /* DragGestureBootcamp.swift */; };
		008096A82C67BBE500D8FB68 /* DragGestureBootcamp2.swift in Sources */ = {isa = PBXBuildFile; fileRef = 008096A72C67BBE500D8FB68 /* DragGestureBootcamp2.swift */; };
		0084244E2CB538AE00C34AF1 /* CustomCurvesBootcamp.swift in Sources */ = {isa = PBXBuildFile; fileRef = 0084244D2CB538AE00C34AF1 /* CustomCurvesBootcamp.swift */; };
		0091F76F2C6F54BE00626571 /* SoundsBootcamp.swift in Sources */ = {isa = PBXBuildFile; fileRef = 0091F76E2C6F54BE00626571 /* SoundsBootcamp.swift */; };
		0091F7722C6F577800626571 /* Badum-tss.mp3 in Resources */ = {isa = PBXBuildFile; fileRef = 0091F7712C6F577800626571 /* Badum-tss.mp3 */; };
		0091F7782C6F57ED00626571 /* Tada-sound.mp3 in Resources */ = {isa = PBXBuildFile; fileRef = 0091F7772C6F57ED00626571 /* Tada-sound.mp3 */; };
		0091F77A2C6F5BE600626571 /* HapticBootcamp.swift in Sources */ = {isa = PBXBuildFile; fileRef = 0091F7792C6F5BE600626571 /* HapticBootcamp.swift */; };
		0091F77C2C6F710200626571 /* HashableBootcamp.swift in Sources */ = {isa = PBXBuildFile; fileRef = 0091F77B2C6F710200626571 /* HashableBootcamp.swift */; };
		0091F77E2C6F755500626571 /* ArrayBootcamp.swift in Sources */ = {isa = PBXBuildFile; fileRef = 0091F77D2C6F755500626571 /* ArrayBootcamp.swift */; };
		009D9F612CA60589007F1C01 /* ButtonStyleBootcamp.swift in Sources */ = {isa = PBXBuildFile; fileRef = 009D9F602CA60589007F1C01 /* ButtonStyleBootcamp.swift */; };
		00A40DCD2CC982BD00B4F8A6 /* TabBarItem.swift in Sources */ = {isa = PBXBuildFile; fileRef = 00A40DCC2CC982BD00B4F8A6 /* TabBarItem.swift */; };
		00A9D43F2CC11E9000FC1F7B /* PreferenceKeyBootcamp.swift in Sources */ = {isa = PBXBuildFile; fileRef = 00A9D43E2CC11E9000FC1F7B /* PreferenceKeyBootcamp.swift */; };
		00B189622C9ECBF10026E20D /* GenSeturateColor.swift in Sources */ = {isa = PBXBuildFile; fileRef = 00B189612C9ECBF10026E20D /* GenSeturateColor.swift */; };
		00B189652C9F56A90026E20D /* KeychainSwiftBootcamp.swift in Sources */ = {isa = PBXBuildFile; fileRef = 00B189642C9F56A90026E20D /* KeychainSwiftBootcamp.swift */; };
		00B189682C9F5E5F0026E20D /* KeychainSwift in Frameworks */ = {isa = PBXBuildFile; productRef = 00B189672C9F5E5F0026E20D /* KeychainSwift */; };
		00B2E0752D202C3900C0DE98 /* CustomOperator.swift in Sources */ = {isa = PBXBuildFile; fileRef = 00B2E0742D202C3900C0DE98 /* CustomOperator.swift */; };
		00C271DE2C6CAC4C00B613DF /* MultiSheetBootcamp.swift in Sources */ = {isa = PBXBuildFile; fileRef = 00C271DD2C6CAC4C00B613DF /* MultiSheetBootcamp.swift */; };
		00C271E02C6CC5F300B613DF /* MaskBootcamp.swift in Sources */ = {isa = PBXBuildFile; fileRef = 00C271DF2C6CC5F300B613DF /* MaskBootcamp.swift */; };
		00C9011E2C6BC9C1001987C8 /* ScrollViewReaderBootcamp.swift in Sources */ = {isa = PBXBuildFile; fileRef = 00C9011D2C6BC9C1001987C8 /* ScrollViewReaderBootcamp.swift */; };
		00C901202C6BD014001987C8 /* GeometryReaderBootcamp.swift in Sources */ = {isa = PBXBuildFile; fileRef = 00C9011F2C6BD014001987C8 /* GeometryReaderBootcamp.swift */; };
		00CD28E32C9343BF004B0BD0 /* AccessibilityColorBootcamp.swift in Sources */ = {isa = PBXBuildFile; fileRef = 00CD28E22C9343BF004B0BD0 /* AccessibilityColorBootcamp.swift */; };
		00D5BFE12D1C260D00262444 /* SubscriptBootcamp.swift in Sources */ = {isa = PBXBuildFile; fileRef = 00D5BFE02D1C260D00262444 /* SubscriptBootcamp.swift */; };
		00D70A1B2CFA41B000807044 /* ErrorAlertBootcamp.swift in Sources */ = {isa = PBXBuildFile; fileRef = 00D70A1A2CFA41B000807044 /* ErrorAlertBootcamp.swift */; };
		00DA0EEC2CF8DF47005CF284 /* CustomBindingBootcamp.swift in Sources */ = {isa = PBXBuildFile; fileRef = 00DA0EEB2CF8DF47005CF284 /* CustomBindingBootcamp.swift */; };
		00DAEFFC2CF1F4270036802E /* UIViewRepresentableBootcamp.swift in Sources */ = {isa = PBXBuildFile; fileRef = 00DAEFFB2CF1F4270036802E /* UIViewRepresentableBootcamp.swift */; };
		00E35C192CF6449A00307A66 /* TimelineViewBootcamp.swift in Sources */ = {isa = PBXBuildFile; fileRef = 00E35C182CF6449A00307A66 /* TimelineViewBootcamp.swift */; };
		00E39AF12CF36A0F000E8779 /* ProtocolsBootcamp.swift in Sources */ = {isa = PBXBuildFile; fileRef = 00E39AF02CF36A0F000E8779 /* ProtocolsBootcamp.swift */; };
		00E47E4B2CC0489400A4F83A /* ViewBuilderBootcamp.swift in Sources */ = {isa = PBXBuildFile; fileRef = 00E47E4A2CC0489400A4F83A /* ViewBuilderBootcamp.swift */; };
		00F15BF02C79E27300A4D133 /* CodableBootcamp.swift in Sources */ = {isa = PBXBuildFile; fileRef = 00F15BEF2C79E27300A4D133 /* CodableBootcamp.swift */; };
		00FC06C82C9AD3F90051BF03 /* KeypathsBootcamp.swift in Sources */ = {isa = PBXBuildFile; fileRef = 00FC06C72C9AD3F90051BF03 /* KeypathsBootcamp.swift */; };
		00FCDE9A2D0DA188009A8D3C /* PropertyWrapperBootcamp.swift in Sources */ = {isa = PBXBuildFile; fileRef = 00FCDE992D0DA188009A8D3C /* PropertyWrapperBootcamp.swift */; };
/* End PBXBuildFile section */

/* Begin PBXFileReference section */
		0015AE8C2C973C85000F3067 /* ScrollViewPagingBootcamp.swift */ = {isa = PBXFileReference; lastKnownFileType = sourcecode.swift; path = ScrollViewPagingBootcamp.swift; sourceTree = "<group>"; };
		001BC24B2C91E3210011BACF /* AccessibilityTextBootcamp.swift */ = {isa = PBXFileReference; lastKnownFileType = sourcecode.swift; path = AccessibilityTextBootcamp.swift; sourceTree = "<group>"; };
		001E7CC12D1A063200CA6A5C /* PropertyWrapper2Bootcamp.swift */ = {isa = PBXFileReference; lastKnownFileType = sourcecode.swift; path = PropertyWrapper2Bootcamp.swift; sourceTree = "<group>"; };
		001FA8E62C7B3F9100BD8BD0 /* DownloadWithEdcapingBootcamp.swift */ = {isa = PBXFileReference; lastKnownFileType = sourcecode.swift; path = DownloadWithEdcapingBootcamp.swift; sourceTree = "<group>"; };
		0025E1022CC839540084938C /* CustomTabBarView.swift */ = {isa = PBXFileReference; lastKnownFileType = sourcecode.swift; path = CustomTabBarView.swift; sourceTree = "<group>"; };
		0025E1042CC83EA80084938C /* CustomTabBarContainerView.swift */ = {isa = PBXFileReference; lastKnownFileType = sourcecode.swift; path = CustomTabBarContainerView.swift; sourceTree = "<group>"; };
		0025E1062CC848510084938C /* AppTabbarView.swift */ = {isa = PBXFileReference; lastKnownFileType = sourcecode.swift; path = AppTabbarView.swift; sourceTree = "<group>"; };
		0025E1082CC848FE0084938C /* TabBarItemsPreferenceKey.swift */ = {isa = PBXFileReference; lastKnownFileType = sourcecode.swift; path = TabBarItemsPreferenceKey.swift; sourceTree = "<group>"; };
		003C744F2C904ACA00E1BF78 /* PhotoModelCacheManager.swift */ = {isa = PBXFileReference; lastKnownFileType = sourcecode.swift; path = PhotoModelCacheManager.swift; sourceTree = "<group>"; };
		003C74512C904BC500E1BF78 /* PhotoModelFileManager.swift */ = {isa = PBXFileReference; lastKnownFileType = sourcecode.swift; path = PhotoModelFileManager.swift; sourceTree = "<group>"; };
		0042FB942C7F521C0058549D /* CountdownExample.swift */ = {isa = PBXFileReference; lastKnownFileType = sourcecode.swift; path = CountdownExample.swift; sourceTree = "<group>"; };
		0043F1AE2CB1EA1700D8274B /* MatchedGeometryEffectBootcamp.swift */ = {isa = PBXFileReference; lastKnownFileType = sourcecode.swift; path = MatchedGeometryEffectBootcamp.swift; sourceTree = "<group>"; };
		0043F1B02CB1F11700D8274B /* CustomShapesBootcamp.swift */ = {isa = PBXFileReference; lastKnownFileType = sourcecode.swift; path = CustomShapesBootcamp.swift; sourceTree = "<group>"; };
		00474CEB2C7938E70018EB4D /* TestSemaphore.swift */ = {isa = PBXFileReference; lastKnownFileType = sourcecode.swift; path = TestSemaphore.swift; sourceTree = "<group>"; };
		004894EB2C8771D200528BC9 /* CacheBootcamp.swift */ = {isa = PBXFileReference; lastKnownFileType = sourcecode.swift; path = CacheBootcamp.swift; sourceTree = "<group>"; };
		004C00C22CAC84E30022B806 /* AnyTransitionBootcamp.swift */ = {isa = PBXFileReference; lastKnownFileType = sourcecode.swift; path = AnyTransitionBootcamp.swift; sourceTree = "<group>"; };
		004CC5382CBBBD8100ABC64E /* GenericsBootcamp.swift */ = {isa = PBXFileReference; lastKnownFileType = sourcecode.swift; path = GenericsBootcamp.swift; sourceTree = "<group>"; };
		005160962C74FE2200B96BC6 /* BackgroundThreadBootcamp.swift */ = {isa = PBXFileReference; lastKnownFileType = sourcecode.swift; path = BackgroundThreadBootcamp.swift; sourceTree = "<group>"; };
		005C235E2C8B1ED600CDFCFE /* DownloadingImagesBootcamp.swift */ = {isa = PBXFileReference; lastKnownFileType = sourcecode.swift; path = DownloadingImagesBootcamp.swift; sourceTree = "<group>"; };
		005C23602C8B213100CDFCFE /* PhotoModel.swift */ = {isa = PBXFileReference; lastKnownFileType = sourcecode.swift; path = PhotoModel.swift; sourceTree = "<group>"; };
		005C23622C8B21F000CDFCFE /* DownloadingImagesViewModel.swift */ = {isa = PBXFileReference; lastKnownFileType = sourcecode.swift; path = DownloadingImagesViewModel.swift; sourceTree = "<group>"; };
		005C23642C8B238100CDFCFE /* PhotoModelDataService.swift */ = {isa = PBXFileReference; lastKnownFileType = sourcecode.swift; path = PhotoModelDataService.swift; sourceTree = "<group>"; };
		005C23662C8B339900CDFCFE /* DownloadedImagesRow.swift */ = {isa = PBXFileReference; lastKnownFileType = sourcecode.swift; path = DownloadedImagesRow.swift; sourceTree = "<group>"; };
		005C23682C8B349E00CDFCFE /* DownloadingImageView.swift */ = {isa = PBXFileReference; lastKnownFileType = sourcecode.swift; path = DownloadingImageView.swift; sourceTree = "<group>"; };
		005C236A2C8B352A00CDFCFE /* ImageLoadingViewModel.swift */ = {isa = PBXFileReference; lastKnownFileType = sourcecode.swift; path = ImageLoadingViewModel.swift; sourceTree = "<group>"; };
		005DB19E2C662EA8007B6362 /* MagnificationGestureBootcamp.swift */ = {isa = PBXFileReference; lastKnownFileType = sourcecode.swift; path = MagnificationGestureBootcamp.swift; sourceTree = "<group>"; };
		0061A2502C957AE500E63692 /* AlignmentGuideBootcamp.swift */ = {isa = PBXFileReference; lastKnownFileType = sourcecode.swift; path = AlignmentGuideBootcamp.swift; sourceTree = "<group>"; };
		0061A2522C95A56B00E63692 /* VisualEffectBootcamp.swift */ = {isa = PBXFileReference; lastKnownFileType = sourcecode.swift; path = VisualEffectBootcamp.swift; sourceTree = "<group>"; };
		0069FDAD2CE370AC008B8305 /* AppNavbarView.swift */ = {isa = PBXFileReference; lastKnownFileType = sourcecode.swift; path = AppNavbarView.swift; sourceTree = "<group>"; };
		0069FDAF2CE3758D008B8305 /* CustomNavbarView.swift */ = {isa = PBXFileReference; lastKnownFileType = sourcecode.swift; path = CustomNavbarView.swift; sourceTree = "<group>"; };
		0069FDB12CE37877008B8305 /* CustomNavBarContainerView.swift */ = {isa = PBXFileReference; lastKnownFileType = sourcecode.swift; path = CustomNavBarContainerView.swift; sourceTree = "<group>"; };
		0069FDB32CE37A3E008B8305 /* CustomNavView.swift */ = {isa = PBXFileReference; lastKnownFileType = sourcecode.swift; path = CustomNavView.swift; sourceTree = "<group>"; };
		006DF3EF2C8625E4007B900C /* FileManagerBootcamp.swift */ = {isa = PBXFileReference; lastKnownFileType = sourcecode.swift; path = FileManagerBootcamp.swift; sourceTree = "<group>"; };
		007CFA5D2CC45999009141FE /* GeometryPreferenceKeyBootcamp.swift */ = {isa = PBXFileReference; lastKnownFileType = sourcecode.swift; path = GeometryPreferenceKeyBootcamp.swift; sourceTree = "<group>"; };
		007CFA5F2CC45F7E009141FE /* ScrollViewOffsetPreferenceKey.swift */ = {isa = PBXFileReference; lastKnownFileType = sourcecode.swift; path = ScrollViewOffsetPreferenceKey.swift; sourceTree = "<group>"; };
		007D74762C64CBA400F0AF18 /* ContinuedLearning.app */ = {isa = PBXFileReference; explicitFileType = wrapper.application; includeInIndex = 0; path = ContinuedLearning.app; sourceTree = BUILT_PRODUCTS_DIR; };
		007D74792C64CBA400F0AF18 /* ContinuedLearningApp.swift */ = {isa = PBXFileReference; lastKnownFileType = sourcecode.swift; path = ContinuedLearningApp.swift; sourceTree = "<group>"; };
		007D747B2C64CBA400F0AF18 /* ContentView.swift */ = {isa = PBXFileReference; lastKnownFileType = sourcecode.swift; path = ContentView.swift; sourceTree = "<group>"; };
		007D747D2C64CBA500F0AF18 /* Assets.xcassets */ = {isa = PBXFileReference; lastKnownFileType = folder.assetcatalog; path = Assets.xcassets; sourceTree = "<group>"; };
		007D74802C64CBA500F0AF18 /* Preview Assets.xcassets */ = {isa = PBXFileReference; lastKnownFileType = folder.assetcatalog; path = "Preview Assets.xcassets"; sourceTree = "<group>"; };
		007D74872C64CF6100F0AF18 /* LongPressGestureBootcamp.swift */ = {isa = PBXFileReference; lastKnownFileType = sourcecode.swift; path = LongPressGestureBootcamp.swift; sourceTree = "<group>"; };
		007FB7082CB6988A00C4CCFF /* AnimatableDataBootcamp.swift */ = {isa = PBXFileReference; lastKnownFileType = sourcecode.swift; path = AnimatableDataBootcamp.swift; sourceTree = "<group>"; };
		008096A32C676ED600D8FB68 /* RotationGestureBootcamp.swift */ = {isa = PBXFileReference; lastKnownFileType = sourcecode.swift; path = RotationGestureBootcamp.swift; sourceTree = "<group>"; };
		008096A52C67744B00D8FB68 /* DragGestureBootcamp.swift */ = {isa = PBXFileReference; lastKnownFileType = sourcecode.swift; path = DragGestureBootcamp.swift; sourceTree = "<group>"; };
		008096A72C67BBE500D8FB68 /* DragGestureBootcamp2.swift */ = {isa = PBXFileReference; lastKnownFileType = sourcecode.swift; path = DragGestureBootcamp2.swift; sourceTree = "<group>"; };
		0084244D2CB538AE00C34AF1 /* CustomCurvesBootcamp.swift */ = {isa = PBXFileReference; lastKnownFileType = sourcecode.swift; path = CustomCurvesBootcamp.swift; sourceTree = "<group>"; };
		0091F76E2C6F54BE00626571 /* SoundsBootcamp.swift */ = {isa = PBXFileReference; lastKnownFileType = sourcecode.swift; path = SoundsBootcamp.swift; sourceTree = "<group>"; };
		0091F7712C6F577800626571 /* Badum-tss.mp3 */ = {isa = PBXFileReference; lastKnownFileType = audio.mp3; path = "Badum-tss.mp3"; sourceTree = "<group>"; };
		0091F7772C6F57ED00626571 /* Tada-sound.mp3 */ = {isa = PBXFileReference; lastKnownFileType = audio.mp3; path = "Tada-sound.mp3"; sourceTree = "<group>"; };
		0091F7792C6F5BE600626571 /* HapticBootcamp.swift */ = {isa = PBXFileReference; lastKnownFileType = sourcecode.swift; path = HapticBootcamp.swift; sourceTree = "<group>"; };
		0091F77B2C6F710200626571 /* HashableBootcamp.swift */ = {isa = PBXFileReference; lastKnownFileType = sourcecode.swift; path = HashableBootcamp.swift; sourceTree = "<group>"; };
		0091F77D2C6F755500626571 /* ArrayBootcamp.swift */ = {isa = PBXFileReference; lastKnownFileType = sourcecode.swift; path = ArrayBootcamp.swift; sourceTree = "<group>"; };
		009D9F602CA60589007F1C01 /* ButtonStyleBootcamp.swift */ = {isa = PBXFileReference; lastKnownFileType = sourcecode.swift; path = ButtonStyleBootcamp.swift; sourceTree = "<group>"; };
		00A40DCC2CC982BD00B4F8A6 /* TabBarItem.swift */ = {isa = PBXFileReference; lastKnownFileType = sourcecode.swift; path = TabBarItem.swift; sourceTree = "<group>"; };
		00A9D43E2CC11E9000FC1F7B /* PreferenceKeyBootcamp.swift */ = {isa = PBXFileReference; lastKnownFileType = sourcecode.swift; path = PreferenceKeyBootcamp.swift; sourceTree = "<group>"; };
		00B189612C9ECBF10026E20D /* GenSeturateColor.swift */ = {isa = PBXFileReference; lastKnownFileType = sourcecode.swift; path = GenSeturateColor.swift; sourceTree = "<group>"; };
		00B189642C9F56A90026E20D /* KeychainSwiftBootcamp.swift */ = {isa = PBXFileReference; lastKnownFileType = sourcecode.swift; path = KeychainSwiftBootcamp.swift; sourceTree = "<group>"; };
		00B2E0742D202C3900C0DE98 /* CustomOperator.swift */ = {isa = PBXFileReference; lastKnownFileType = sourcecode.swift; path = CustomOperator.swift; sourceTree = "<group>"; };
		00C271DD2C6CAC4C00B613DF /* MultiSheetBootcamp.swift */ = {isa = PBXFileReference; lastKnownFileType = sourcecode.swift; path = MultiSheetBootcamp.swift; sourceTree = "<group>"; };
		00C271DF2C6CC5F300B613DF /* MaskBootcamp.swift */ = {isa = PBXFileReference; lastKnownFileType = sourcecode.swift; path = MaskBootcamp.swift; sourceTree = "<group>"; };
		00C9011D2C6BC9C1001987C8 /* ScrollViewReaderBootcamp.swift */ = {isa = PBXFileReference; lastKnownFileType = sourcecode.swift; path = ScrollViewReaderBootcamp.swift; sourceTree = "<group>"; };
		00C9011F2C6BD014001987C8 /* GeometryReaderBootcamp.swift */ = {isa = PBXFileReference; lastKnownFileType = sourcecode.swift; path = GeometryReaderBootcamp.swift; sourceTree = "<group>"; };
		00CD28E22C9343BF004B0BD0 /* AccessibilityColorBootcamp.swift */ = {isa = PBXFileReference; lastKnownFileType = sourcecode.swift; path = AccessibilityColorBootcamp.swift; sourceTree = "<group>"; };
		00D5BFE02D1C260D00262444 /* SubscriptBootcamp.swift */ = {isa = PBXFileReference; lastKnownFileType = sourcecode.swift; path = SubscriptBootcamp.swift; sourceTree = "<group>"; };
		00D70A1A2CFA41B000807044 /* ErrorAlertBootcamp.swift */ = {isa = PBXFileReference; lastKnownFileType = sourcecode.swift; path = ErrorAlertBootcamp.swift; sourceTree = "<group>"; };
		00DA0EEB2CF8DF47005CF284 /* CustomBindingBootcamp.swift */ = {isa = PBXFileReference; lastKnownFileType = sourcecode.swift; path = CustomBindingBootcamp.swift; sourceTree = "<group>"; };
		00DAEFFB2CF1F4270036802E /* UIViewRepresentableBootcamp.swift */ = {isa = PBXFileReference; lastKnownFileType = sourcecode.swift; path = UIViewRepresentableBootcamp.swift; sourceTree = "<group>"; };
		00E35C182CF6449A00307A66 /* TimelineViewBootcamp.swift */ = {isa = PBXFileReference; lastKnownFileType = sourcecode.swift; path = TimelineViewBootcamp.swift; sourceTree = "<group>"; };
		00E39AF02CF36A0F000E8779 /* ProtocolsBootcamp.swift */ = {isa = PBXFileReference; lastKnownFileType = sourcecode.swift; path = ProtocolsBootcamp.swift; sourceTree = "<group>"; };
		00E47E4A2CC0489400A4F83A /* ViewBuilderBootcamp.swift */ = {isa = PBXFileReference; lastKnownFileType = sourcecode.swift; path = ViewBuilderBootcamp.swift; sourceTree = "<group>"; };
		00F15BEF2C79E27300A4D133 /* CodableBootcamp.swift */ = {isa = PBXFileReference; lastKnownFileType = sourcecode.swift; path = CodableBootcamp.swift; sourceTree = "<group>"; };
		00FC06C72C9AD3F90051BF03 /* KeypathsBootcamp.swift */ = {isa = PBXFileReference; lastKnownFileType = sourcecode.swift; path = KeypathsBootcamp.swift; sourceTree = "<group>"; };
		00FCDE992D0DA188009A8D3C /* PropertyWrapperBootcamp.swift */ = {isa = PBXFileReference; lastKnownFileType = sourcecode.swift; path = PropertyWrapperBootcamp.swift; sourceTree = "<group>"; };
/* End PBXFileReference section */

/* Begin PBXFrameworksBuildPhase section */
		007D74732C64CBA400F0AF18 /* Frameworks */ = {
			isa = PBXFrameworksBuildPhase;
			buildActionMask = 2147483647;
			files = (
				00B189682C9F5E5F0026E20D /* KeychainSwift in Frameworks */,
			);
			runOnlyForDeploymentPostprocessing = 0;
		};
/* End PBXFrameworksBuildPhase section */

/* Begin PBXGroup section */
		0025E1012CC839320084938C /* CustomTabbar */ = {
			isa = PBXGroup;
			children = (
				0025E1022CC839540084938C /* CustomTabBarView.swift */,
				00A40DCC2CC982BD00B4F8A6 /* TabBarItem.swift */,
				0025E1042CC83EA80084938C /* CustomTabBarContainerView.swift */,
				0025E1062CC848510084938C /* AppTabbarView.swift */,
				0025E1082CC848FE0084938C /* TabBarItemsPreferenceKey.swift */,
			);
			path = CustomTabbar;
			sourceTree = "<group>";
		};
		005C23592C8B1E9100CDFCFE /* DownloadingImages */ = {
			isa = PBXGroup;
			children = (
				005C235D2C8B1EB800CDFCFE /* Utilities */,
				005C235C2C8B1EA900CDFCFE /* Models */,
				005C235B2C8B1EA300CDFCFE /* Views */,
				005C235A2C8B1E9B00CDFCFE /* ViewModels */,
			);
			path = DownloadingImages;
			sourceTree = "<group>";
		};
		005C235A2C8B1E9B00CDFCFE /* ViewModels */ = {
			isa = PBXGroup;
			children = (
				005C23622C8B21F000CDFCFE /* DownloadingImagesViewModel.swift */,
				005C236A2C8B352A00CDFCFE /* ImageLoadingViewModel.swift */,
			);
			path = ViewModels;
			sourceTree = "<group>";
		};
		005C235B2C8B1EA300CDFCFE /* Views */ = {
			isa = PBXGroup;
			children = (
				005C235E2C8B1ED600CDFCFE /* DownloadingImagesBootcamp.swift */,
				005C23662C8B339900CDFCFE /* DownloadedImagesRow.swift */,
				005C23682C8B349E00CDFCFE /* DownloadingImageView.swift */,
			);
			path = Views;
			sourceTree = "<group>";
		};
		005C235C2C8B1EA900CDFCFE /* Models */ = {
			isa = PBXGroup;
			children = (
				005C23602C8B213100CDFCFE /* PhotoModel.swift */,
			);
			path = Models;
			sourceTree = "<group>";
		};
		005C235D2C8B1EB800CDFCFE /* Utilities */ = {
			isa = PBXGroup;
			children = (
				005C23642C8B238100CDFCFE /* PhotoModelDataService.swift */,
				003C744F2C904ACA00E1BF78 /* PhotoModelCacheManager.swift */,
				003C74512C904BC500E1BF78 /* PhotoModelFileManager.swift */,
			);
			path = Utilities;
			sourceTree = "<group>";
		};
		0069FDAC2CE37097008B8305 /* CustomNavBar */ = {
			isa = PBXGroup;
			children = (
				0069FDAD2CE370AC008B8305 /* AppNavbarView.swift */,
				0069FDAF2CE3758D008B8305 /* CustomNavbarView.swift */,
				0069FDB12CE37877008B8305 /* CustomNavBarContainerView.swift */,
				0069FDB32CE37A3E008B8305 /* CustomNavView.swift */,
			);
			path = CustomNavBar;
			sourceTree = "<group>";
		};
		007CFA5C2CC456E1009141FE /* PreferenceKeyBootcamp */ = {
			isa = PBXGroup;
			children = (
				00A9D43E2CC11E9000FC1F7B /* PreferenceKeyBootcamp.swift */,
				007CFA5D2CC45999009141FE /* GeometryPreferenceKeyBootcamp.swift */,
				007CFA5F2CC45F7E009141FE /* ScrollViewOffsetPreferenceKey.swift */,
			);
			path = PreferenceKeyBootcamp;
			sourceTree = "<group>";
		};
		007D746D2C64CBA400F0AF18 = {
			isa = PBXGroup;
			children = (
				007D74782C64CBA400F0AF18 /* ContinuedLearning */,
				007D74772C64CBA400F0AF18 /* Products */,
			);
			sourceTree = "<group>";
		};
		007D74772C64CBA400F0AF18 /* Products */ = {
			isa = PBXGroup;
			children = (
				007D74762C64CBA400F0AF18 /* ContinuedLearning.app */,
			);
			name = Products;
			sourceTree = "<group>";
		};
		007D74782C64CBA400F0AF18 /* ContinuedLearning */ = {
			isa = PBXGroup;
			children = (
				007D74792C64CBA400F0AF18 /* ContinuedLearningApp.swift */,
				007D747B2C64CBA400F0AF18 /* ContentView.swift */,
				007D74872C64CF6100F0AF18 /* LongPressGestureBootcamp.swift */,
				005DB19E2C662EA8007B6362 /* MagnificationGestureBootcamp.swift */,
				001FA8E62C7B3F9100BD8BD0 /* DownloadWithEdcapingBootcamp.swift */,
				0042FB942C7F521C0058549D /* CountdownExample.swift */,
				006DF3EF2C8625E4007B900C /* FileManagerBootcamp.swift */,
				008096A32C676ED600D8FB68 /* RotationGestureBootcamp.swift */,
				008096A52C67744B00D8FB68 /* DragGestureBootcamp.swift */,
				008096A72C67BBE500D8FB68 /* DragGestureBootcamp2.swift */,
				0015AE8C2C973C85000F3067 /* ScrollViewPagingBootcamp.swift */,
				00FC06C72C9AD3F90051BF03 /* KeypathsBootcamp.swift */,
				00B189612C9ECBF10026E20D /* GenSeturateColor.swift */,
				007D747D2C64CBA500F0AF18 /* Assets.xcassets */,
				00C9011D2C6BC9C1001987C8 /* ScrollViewReaderBootcamp.swift */,
				00C9011F2C6BD014001987C8 /* GeometryReaderBootcamp.swift */,
				00C271DD2C6CAC4C00B613DF /* MultiSheetBootcamp.swift */,
				00C271DF2C6CC5F300B613DF /* MaskBootcamp.swift */,
				0091F77D2C6F755500626571 /* ArrayBootcamp.swift */,
				004894EB2C8771D200528BC9 /* CacheBootcamp.swift */,
				0091F76E2C6F54BE00626571 /* SoundsBootcamp.swift */,
				00474CEB2C7938E70018EB4D /* TestSemaphore.swift */,
				0091F7792C6F5BE600626571 /* HapticBootcamp.swift */,
				0091F77B2C6F710200626571 /* HashableBootcamp.swift */,
				001BC24B2C91E3210011BACF /* AccessibilityTextBootcamp.swift */,
				00CD28E22C9343BF004B0BD0 /* AccessibilityColorBootcamp.swift */,
				0061A2502C957AE500E63692 /* AlignmentGuideBootcamp.swift */,
				00E47E4A2CC0489400A4F83A /* ViewBuilderBootcamp.swift */,
				00D5BFE02D1C260D00262444 /* SubscriptBootcamp.swift */,
				0061A2522C95A56B00E63692 /* VisualEffectBootcamp.swift */,
				009D9F602CA60589007F1C01 /* ButtonStyleBootcamp.swift */,
				004CC5382CBBBD8100ABC64E /* GenericsBootcamp.swift */,
				007FB7082CB6988A00C4CCFF /* AnimatableDataBootcamp.swift */,
				004C00C22CAC84E30022B806 /* AnyTransitionBootcamp.swift */,
				0043F1AE2CB1EA1700D8274B /* MatchedGeometryEffectBootcamp.swift */,
				0043F1B02CB1F11700D8274B /* CustomShapesBootcamp.swift */,
				00DAEFFB2CF1F4270036802E /* UIViewRepresentableBootcamp.swift */,
				00B2E0742D202C3900C0DE98 /* CustomOperator.swift */,
				00E39AF02CF36A0F000E8779 /* ProtocolsBootcamp.swift */,
				00DA0EEB2CF8DF47005CF284 /* CustomBindingBootcamp.swift */,
				00D70A1A2CFA41B000807044 /* ErrorAlertBootcamp.swift */,
				00E35C182CF6449A00307A66 /* TimelineViewBootcamp.swift */,
				0069FDAC2CE37097008B8305 /* CustomNavBar */,
				0084244D2CB538AE00C34AF1 /* CustomCurvesBootcamp.swift */,
				0025E1012CC839320084938C /* CustomTabbar */,
				007CFA5C2CC456E1009141FE /* PreferenceKeyBootcamp */,
				00B189632C9F56960026E20D /* Keychains */,
				005C23592C8B1E9100CDFCFE /* DownloadingImages */,
				007D747F2C64CBA500F0AF18 /* Preview Content */,
				0091F7702C6F575600626571 /* Sounds */,
				00F15BEF2C79E27300A4D133 /* CodableBootcamp.swift */,
				00FCDE992D0DA188009A8D3C /* PropertyWrapperBootcamp.swift */,
				001E7CC12D1A063200CA6A5C /* PropertyWrapper2Bootcamp.swift */,
			);
			path = ContinuedLearning;
			sourceTree = "<group>";
		};
		007D747F2C64CBA500F0AF18 /* Preview Content */ = {
			isa = PBXGroup;
			children = (
				007D74802C64CBA500F0AF18 /* Preview Assets.xcassets */,
				005160962C74FE2200B96BC6 /* BackgroundThreadBootcamp.swift */,
			);
			path = "Preview Content";
			sourceTree = "<group>";
		};
		0091F7702C6F575600626571 /* Sounds */ = {
			isa = PBXGroup;
			children = (
				0091F7772C6F57ED00626571 /* Tada-sound.mp3 */,
				0091F7712C6F577800626571 /* Badum-tss.mp3 */,
			);
			path = Sounds;
			sourceTree = "<group>";
		};
		00B189632C9F56960026E20D /* Keychains */ = {
			isa = PBXGroup;
			children = (
				00B189642C9F56A90026E20D /* KeychainSwiftBootcamp.swift */,
			);
			path = Keychains;
			sourceTree = "<group>";
		};
/* End PBXGroup section */

/* Begin PBXNativeTarget section */
		007D74752C64CBA400F0AF18 /* ContinuedLearning */ = {
			isa = PBXNativeTarget;
			buildConfigurationList = 007D74842C64CBA500F0AF18 /* Build configuration list for PBXNativeTarget "ContinuedLearning" */;
			buildPhases = (
				007D74722C64CBA400F0AF18 /* Sources */,
				007D74732C64CBA400F0AF18 /* Frameworks */,
				007D74742C64CBA400F0AF18 /* Resources */,
			);
			buildRules = (
			);
			dependencies = (
			);
			name = ContinuedLearning;
			packageProductDependencies = (
				00B189672C9F5E5F0026E20D /* KeychainSwift */,
			);
			productName = ContinuedLearning;
			productReference = 007D74762C64CBA400F0AF18 /* ContinuedLearning.app */;
			productType = "com.apple.product-type.application";
		};
/* End PBXNativeTarget section */

/* Begin PBXProject section */
		007D746E2C64CBA400F0AF18 /* Project object */ = {
			isa = PBXProject;
			attributes = {
				BuildIndependentTargetsInParallel = 1;
				LastSwiftUpdateCheck = 1540;
				LastUpgradeCheck = 1540;
				TargetAttributes = {
					007D74752C64CBA400F0AF18 = {
						CreatedOnToolsVersion = 15.4;
					};
				};
			};
			buildConfigurationList = 007D74712C64CBA400F0AF18 /* Build configuration list for PBXProject "ContinuedLearning" */;
			compatibilityVersion = "Xcode 14.0";
			developmentRegion = en;
			hasScannedForEncodings = 0;
			knownRegions = (
				en,
				Base,
			);
			mainGroup = 007D746D2C64CBA400F0AF18;
			packageReferences = (
				00B189662C9F5E5F0026E20D /* XCRemoteSwiftPackageReference "keychain-swift" */,
			);
			productRefGroup = 007D74772C64CBA400F0AF18 /* Products */;
			projectDirPath = "";
			projectRoot = "";
			targets = (
				007D74752C64CBA400F0AF18 /* ContinuedLearning */,
			);
		};
/* End PBXProject section */

/* Begin PBXResourcesBuildPhase section */
		007D74742C64CBA400F0AF18 /* Resources */ = {
			isa = PBXResourcesBuildPhase;
			buildActionMask = 2147483647;
			files = (
				007D74812C64CBA500F0AF18 /* Preview Assets.xcassets in Resources */,
				0091F7722C6F577800626571 /* Badum-tss.mp3 in Resources */,
				0091F7782C6F57ED00626571 /* Tada-sound.mp3 in Resources */,
				007D747E2C64CBA500F0AF18 /* Assets.xcassets in Resources */,
			);
			runOnlyForDeploymentPostprocessing = 0;
		};
/* End PBXResourcesBuildPhase section */

/* Begin PBXSourcesBuildPhase section */
		007D74722C64CBA400F0AF18 /* Sources */ = {
			isa = PBXSourcesBuildPhase;
			buildActionMask = 2147483647;
			files = (
				0091F76F2C6F54BE00626571 /* SoundsBootcamp.swift in Sources */,
				005C23692C8B349E00CDFCFE /* DownloadingImageView.swift in Sources */,
				0069FDB02CE3758D008B8305 /* CustomNavbarView.swift in Sources */,
				004CC5392CBBBD8100ABC64E /* GenericsBootcamp.swift in Sources */,
				00D5BFE12D1C260D00262444 /* SubscriptBootcamp.swift in Sources */,
				00C271DE2C6CAC4C00B613DF /* MultiSheetBootcamp.swift in Sources */,
				00B189622C9ECBF10026E20D /* GenSeturateColor.swift in Sources */,
				0069FDB42CE37A3E008B8305 /* CustomNavView.swift in Sources */,
				00C271E02C6CC5F300B613DF /* MaskBootcamp.swift in Sources */,
				003C74522C904BC500E1BF78 /* PhotoModelFileManager.swift in Sources */,
				009D9F612CA60589007F1C01 /* ButtonStyleBootcamp.swift in Sources */,
				00CD28E32C9343BF004B0BD0 /* AccessibilityColorBootcamp.swift in Sources */,
				008096A82C67BBE500D8FB68 /* DragGestureBootcamp2.swift in Sources */,
				00474CEC2C7938E70018EB4D /* TestSemaphore.swift in Sources */,
				0025E1072CC848510084938C /* AppTabbarView.swift in Sources */,
				001E7CC22D1A063300CA6A5C /* PropertyWrapper2Bootcamp.swift in Sources */,
				004C00C32CAC84E30022B806 /* AnyTransitionBootcamp.swift in Sources */,
				004894EC2C8771D200528BC9 /* CacheBootcamp.swift in Sources */,
				0043F1AF2CB1EA1700D8274B /* MatchedGeometryEffectBootcamp.swift in Sources */,
				0025E1092CC848FE0084938C /* TabBarItemsPreferenceKey.swift in Sources */,
				0043F1B12CB1F11700D8274B /* CustomShapesBootcamp.swift in Sources */,
				003C74502C904ACA00E1BF78 /* PhotoModelCacheManager.swift in Sources */,
				00E39AF12CF36A0F000E8779 /* ProtocolsBootcamp.swift in Sources */,
				005C23652C8B238100CDFCFE /* PhotoModelDataService.swift in Sources */,
				005C23612C8B213100CDFCFE /* PhotoModel.swift in Sources */,
				008096A62C67744B00D8FB68 /* DragGestureBootcamp.swift in Sources */,
				00B189652C9F56A90026E20D /* KeychainSwiftBootcamp.swift in Sources */,
				007D747C2C64CBA400F0AF18 /* ContentView.swift in Sources */,
				00DA0EEC2CF8DF47005CF284 /* CustomBindingBootcamp.swift in Sources */,
				0025E1032CC839540084938C /* CustomTabBarView.swift in Sources */,
				005160972C74FE2200B96BC6 /* BackgroundThreadBootcamp.swift in Sources */,
				005C236B2C8B352A00CDFCFE /* ImageLoadingViewModel.swift in Sources */,
				0091F77C2C6F710200626571 /* HashableBootcamp.swift in Sources */,
				0091F77A2C6F5BE600626571 /* HapticBootcamp.swift in Sources */,
				005C235F2C8B1ED600CDFCFE /* DownloadingImagesBootcamp.swift in Sources */,
				00E35C192CF6449A00307A66 /* TimelineViewBootcamp.swift in Sources */,
				00FC06C82C9AD3F90051BF03 /* KeypathsBootcamp.swift in Sources */,
				001FA8E72C7B3F9100BD8BD0 /* DownloadWithEdcapingBootcamp.swift in Sources */,
				00C9011E2C6BC9C1001987C8 /* ScrollViewReaderBootcamp.swift in Sources */,
				0069FDB22CE37877008B8305 /* CustomNavBarContainerView.swift in Sources */,
				00FCDE9A2D0DA188009A8D3C /* PropertyWrapperBootcamp.swift in Sources */,
				006DF3F02C8625E4007B900C /* FileManagerBootcamp.swift in Sources */,
				0015AE8D2C973C85000F3067 /* ScrollViewPagingBootcamp.swift in Sources */,
				005C23672C8B339900CDFCFE /* DownloadedImagesRow.swift in Sources */,
				00F15BF02C79E27300A4D133 /* CodableBootcamp.swift in Sources */,
				00D70A1B2CFA41B000807044 /* ErrorAlertBootcamp.swift in Sources */,
				007D747A2C64CBA400F0AF18 /* ContinuedLearningApp.swift in Sources */,
				00A40DCD2CC982BD00B4F8A6 /* TabBarItem.swift in Sources */,
				0025E1052CC83EA80084938C /* CustomTabBarContainerView.swift in Sources */,
				005DB19F2C662EA8007B6362 /* MagnificationGestureBootcamp.swift in Sources */,
				007CFA602CC45F7E009141FE /* ScrollViewOffsetPreferenceKey.swift in Sources */,
				00A9D43F2CC11E9000FC1F7B /* PreferenceKeyBootcamp.swift in Sources */,
				00C901202C6BD014001987C8 /* GeometryReaderBootcamp.swift in Sources */,
				005C23632C8B21F000CDFCFE /* DownloadingImagesViewModel.swift in Sources */,
				0069FDAE2CE370AC008B8305 /* AppNavbarView.swift in Sources */,
				007CFA5E2CC45999009141FE /* GeometryPreferenceKeyBootcamp.swift in Sources */,
				00E47E4B2CC0489400A4F83A /* ViewBuilderBootcamp.swift in Sources */,
				0061A2532C95A56B00E63692 /* VisualEffectBootcamp.swift in Sources */,
				00B2E0752D202C3900C0DE98 /* CustomOperator.swift in Sources */,
				007FB7092CB6988A00C4CCFF /* AnimatableDataBootcamp.swift in Sources */,
				0084244E2CB538AE00C34AF1 /* CustomCurvesBootcamp.swift in Sources */,
				007D74882C64CF6100F0AF18 /* LongPressGestureBootcamp.swift in Sources */,
				0061A2512C957AE500E63692 /* AlignmentGuideBootcamp.swift in Sources */,
				001BC24C2C91E3210011BACF /* AccessibilityTextBootcamp.swift in Sources */,
				008096A42C676ED600D8FB68 /* RotationGestureBootcamp.swift in Sources */,
				0042FB952C7F521C0058549D /* CountdownExample.swift in Sources */,
				00DAEFFC2CF1F4270036802E /* UIViewRepresentableBootcamp.swift in Sources */,
				0091F77E2C6F755500626571 /* ArrayBootcamp.swift in Sources */,
			);
			runOnlyForDeploymentPostprocessing = 0;
		};
/* End PBXSourcesBuildPhase section */

/* Begin XCBuildConfiguration section */
		007D74822C64CBA500F0AF18 /* Debug */ = {
			isa = XCBuildConfiguration;
			buildSettings = {
				ALWAYS_SEARCH_USER_PATHS = NO;
				ASSETCATALOG_COMPILER_GENERATE_SWIFT_ASSET_SYMBOL_EXTENSIONS = YES;
				CLANG_ANALYZER_NONNULL = YES;
				CLANG_ANALYZER_NUMBER_OBJECT_CONVERSION = YES_AGGRESSIVE;
				CLANG_CXX_LANGUAGE_STANDARD = "gnu++20";
				CLANG_ENABLE_MODULES = YES;
				CLANG_ENABLE_OBJC_ARC = YES;
				CLANG_ENABLE_OBJC_WEAK = YES;
				CLANG_WARN_BLOCK_CAPTURE_AUTORELEASING = YES;
				CLANG_WARN_BOOL_CONVERSION = YES;
				CLANG_WARN_COMMA = YES;
				CLANG_WARN_CONSTANT_CONVERSION = YES;
				CLANG_WARN_DEPRECATED_OBJC_IMPLEMENTATIONS = YES;
				CLANG_WARN_DIRECT_OBJC_ISA_USAGE = YES_ERROR;
				CLANG_WARN_DOCUMENTATION_COMMENTS = YES;
				CLANG_WARN_EMPTY_BODY = YES;
				CLANG_WARN_ENUM_CONVERSION = YES;
				CLANG_WARN_INFINITE_RECURSION = YES;
				CLANG_WARN_INT_CONVERSION = YES;
				CLANG_WARN_NON_LITERAL_NULL_CONVERSION = YES;
				CLANG_WARN_OBJC_IMPLICIT_RETAIN_SELF = YES;
				CLANG_WARN_OBJC_LITERAL_CONVERSION = YES;
				CLANG_WARN_OBJC_ROOT_CLASS = YES_ERROR;
				CLANG_WARN_QUOTED_INCLUDE_IN_FRAMEWORK_HEADER = YES;
				CLANG_WARN_RANGE_LOOP_ANALYSIS = YES;
				CLANG_WARN_STRICT_PROTOTYPES = YES;
				CLANG_WARN_SUSPICIOUS_MOVE = YES;
				CLANG_WARN_UNGUARDED_AVAILABILITY = YES_AGGRESSIVE;
				CLANG_WARN_UNREACHABLE_CODE = YES;
				CLANG_WARN__DUPLICATE_METHOD_MATCH = YES;
				COPY_PHASE_STRIP = NO;
				DEBUG_INFORMATION_FORMAT = dwarf;
				ENABLE_STRICT_OBJC_MSGSEND = YES;
				ENABLE_TESTABILITY = YES;
				ENABLE_USER_SCRIPT_SANDBOXING = YES;
				GCC_C_LANGUAGE_STANDARD = gnu17;
				GCC_DYNAMIC_NO_PIC = NO;
				GCC_NO_COMMON_BLOCKS = YES;
				GCC_OPTIMIZATION_LEVEL = 0;
				GCC_PREPROCESSOR_DEFINITIONS = (
					"DEBUG=1",
					"$(inherited)",
				);
				GCC_WARN_64_TO_32_BIT_CONVERSION = YES;
				GCC_WARN_ABOUT_RETURN_TYPE = YES_ERROR;
				GCC_WARN_UNDECLARED_SELECTOR = YES;
				GCC_WARN_UNINITIALIZED_AUTOS = YES_AGGRESSIVE;
				GCC_WARN_UNUSED_FUNCTION = YES;
				GCC_WARN_UNUSED_VARIABLE = YES;
				IPHONEOS_DEPLOYMENT_TARGET = 17.5;
				LOCALIZATION_PREFERS_STRING_CATALOGS = YES;
				MTL_ENABLE_DEBUG_INFO = INCLUDE_SOURCE;
				MTL_FAST_MATH = YES;
				ONLY_ACTIVE_ARCH = YES;
				SDKROOT = iphoneos;
				SWIFT_ACTIVE_COMPILATION_CONDITIONS = "DEBUG $(inherited)";
				SWIFT_OPTIMIZATION_LEVEL = "-Onone";
			};
			name = Debug;
		};
		007D74832C64CBA500F0AF18 /* Release */ = {
			isa = XCBuildConfiguration;
			buildSettings = {
				ALWAYS_SEARCH_USER_PATHS = NO;
				ASSETCATALOG_COMPILER_GENERATE_SWIFT_ASSET_SYMBOL_EXTENSIONS = YES;
				CLANG_ANALYZER_NONNULL = YES;
				CLANG_ANALYZER_NUMBER_OBJECT_CONVERSION = YES_AGGRESSIVE;
				CLANG_CXX_LANGUAGE_STANDARD = "gnu++20";
				CLANG_ENABLE_MODULES = YES;
				CLANG_ENABLE_OBJC_ARC = YES;
				CLANG_ENABLE_OBJC_WEAK = YES;
				CLANG_WARN_BLOCK_CAPTURE_AUTORELEASING = YES;
				CLANG_WARN_BOOL_CONVERSION = YES;
				CLANG_WARN_COMMA = YES;
				CLANG_WARN_CONSTANT_CONVERSION = YES;
				CLANG_WARN_DEPRECATED_OBJC_IMPLEMENTATIONS = YES;
				CLANG_WARN_DIRECT_OBJC_ISA_USAGE = YES_ERROR;
				CLANG_WARN_DOCUMENTATION_COMMENTS = YES;
				CLANG_WARN_EMPTY_BODY = YES;
				CLANG_WARN_ENUM_CONVERSION = YES;
				CLANG_WARN_INFINITE_RECURSION = YES;
				CLANG_WARN_INT_CONVERSION = YES;
				CLANG_WARN_NON_LITERAL_NULL_CONVERSION = YES;
				CLANG_WARN_OBJC_IMPLICIT_RETAIN_SELF = YES;
				CLANG_WARN_OBJC_LITERAL_CONVERSION = YES;
				CLANG_WARN_OBJC_ROOT_CLASS = YES_ERROR;
				CLANG_WARN_QUOTED_INCLUDE_IN_FRAMEWORK_HEADER = YES;
				CLANG_WARN_RANGE_LOOP_ANALYSIS = YES;
				CLANG_WARN_STRICT_PROTOTYPES = YES;
				CLANG_WARN_SUSPICIOUS_MOVE = YES;
				CLANG_WARN_UNGUARDED_AVAILABILITY = YES_AGGRESSIVE;
				CLANG_WARN_UNREACHABLE_CODE = YES;
				CLANG_WARN__DUPLICATE_METHOD_MATCH = YES;
				COPY_PHASE_STRIP = NO;
				DEBUG_INFORMATION_FORMAT = "dwarf-with-dsym";
				ENABLE_NS_ASSERTIONS = NO;
				ENABLE_STRICT_OBJC_MSGSEND = YES;
				ENABLE_USER_SCRIPT_SANDBOXING = YES;
				GCC_C_LANGUAGE_STANDARD = gnu17;
				GCC_NO_COMMON_BLOCKS = YES;
				GCC_WARN_64_TO_32_BIT_CONVERSION = YES;
				GCC_WARN_ABOUT_RETURN_TYPE = YES_ERROR;
				GCC_WARN_UNDECLARED_SELECTOR = YES;
				GCC_WARN_UNINITIALIZED_AUTOS = YES_AGGRESSIVE;
				GCC_WARN_UNUSED_FUNCTION = YES;
				GCC_WARN_UNUSED_VARIABLE = YES;
				IPHONEOS_DEPLOYMENT_TARGET = 17.5;
				LOCALIZATION_PREFERS_STRING_CATALOGS = YES;
				MTL_ENABLE_DEBUG_INFO = NO;
				MTL_FAST_MATH = YES;
				SDKROOT = iphoneos;
				SWIFT_COMPILATION_MODE = wholemodule;
				VALIDATE_PRODUCT = YES;
			};
			name = Release;
		};
		007D74852C64CBA500F0AF18 /* Debug */ = {
			isa = XCBuildConfiguration;
			buildSettings = {
				ASSETCATALOG_COMPILER_APPICON_NAME = AppIcon;
				ASSETCATALOG_COMPILER_GLOBAL_ACCENT_COLOR_NAME = AccentColor;
				CODE_SIGN_STYLE = Automatic;
				CURRENT_PROJECT_VERSION = 1;
				DEVELOPMENT_ASSET_PATHS = "\"ContinuedLearning/Preview Content\"";
				DEVELOPMENT_TEAM = URJ7568QMH;
				ENABLE_PREVIEWS = YES;
				GENERATE_INFOPLIST_FILE = YES;
				INFOPLIST_KEY_UIApplicationSceneManifest_Generation = YES;
				INFOPLIST_KEY_UIApplicationSupportsIndirectInputEvents = YES;
				INFOPLIST_KEY_UILaunchScreen_Generation = YES;
				INFOPLIST_KEY_UISupportedInterfaceOrientations_iPad = "UIInterfaceOrientationPortrait UIInterfaceOrientationPortraitUpsideDown UIInterfaceOrientationLandscapeLeft UIInterfaceOrientationLandscapeRight";
				INFOPLIST_KEY_UISupportedInterfaceOrientations_iPhone = "UIInterfaceOrientationPortrait UIInterfaceOrientationLandscapeLeft UIInterfaceOrientationLandscapeRight";
				LD_RUNPATH_SEARCH_PATHS = (
					"$(inherited)",
					"@executable_path/Frameworks",
				);
				MARKETING_VERSION = 1.0;
				PRODUCT_BUNDLE_IDENTIFIER = com.chatWithNote.ContinuedLearning;
				PRODUCT_NAME = "$(TARGET_NAME)";
				SWIFT_EMIT_LOC_STRINGS = YES;
				SWIFT_VERSION = 5.0;
				TARGETED_DEVICE_FAMILY = "1,2";
			};
			name = Debug;
		};
		007D74862C64CBA500F0AF18 /* Release */ = {
			isa = XCBuildConfiguration;
			buildSettings = {
				ASSETCATALOG_COMPILER_APPICON_NAME = AppIcon;
				ASSETCATALOG_COMPILER_GLOBAL_ACCENT_COLOR_NAME = AccentColor;
				CODE_SIGN_STYLE = Automatic;
				CURRENT_PROJECT_VERSION = 1;
				DEVELOPMENT_ASSET_PATHS = "\"ContinuedLearning/Preview Content\"";
				DEVELOPMENT_TEAM = URJ7568QMH;
				ENABLE_PREVIEWS = YES;
				GENERATE_INFOPLIST_FILE = YES;
				INFOPLIST_KEY_UIApplicationSceneManifest_Generation = YES;
				INFOPLIST_KEY_UIApplicationSupportsIndirectInputEvents = YES;
				INFOPLIST_KEY_UILaunchScreen_Generation = YES;
				INFOPLIST_KEY_UISupportedInterfaceOrientations_iPad = "UIInterfaceOrientationPortrait UIInterfaceOrientationPortraitUpsideDown UIInterfaceOrientationLandscapeLeft UIInterfaceOrientationLandscapeRight";
				INFOPLIST_KEY_UISupportedInterfaceOrientations_iPhone = "UIInterfaceOrientationPortrait UIInterfaceOrientationLandscapeLeft UIInterfaceOrientationLandscapeRight";
				LD_RUNPATH_SEARCH_PATHS = (
					"$(inherited)",
					"@executable_path/Frameworks",
				);
				MARKETING_VERSION = 1.0;
				PRODUCT_BUNDLE_IDENTIFIER = com.chatWithNote.ContinuedLearning;
				PRODUCT_NAME = "$(TARGET_NAME)";
				SWIFT_EMIT_LOC_STRINGS = YES;
				SWIFT_VERSION = 5.0;
				TARGETED_DEVICE_FAMILY = "1,2";
			};
			name = Release;
		};
/* End XCBuildConfiguration section */

/* Begin XCConfigurationList section */
		007D74712C64CBA400F0AF18 /* Build configuration list for PBXProject "ContinuedLearning" */ = {
			isa = XCConfigurationList;
			buildConfigurations = (
				007D74822C64CBA500F0AF18 /* Debug */,
				007D74832C64CBA500F0AF18 /* Release */,
			);
			defaultConfigurationIsVisible = 0;
			defaultConfigurationName = Release;
		};
		007D74842C64CBA500F0AF18 /* Build configuration list for PBXNativeTarget "ContinuedLearning" */ = {
			isa = XCConfigurationList;
			buildConfigurations = (
				007D74852C64CBA500F0AF18 /* Debug */,
				007D74862C64CBA500F0AF18 /* Release */,
			);
			defaultConfigurationIsVisible = 0;
			defaultConfigurationName = Release;
		};
/* End XCConfigurationList section */

/* Begin XCRemoteSwiftPackageReference section */
		00B189662C9F5E5F0026E20D /* XCRemoteSwiftPackageReference "keychain-swift" */ = {
			isa = XCRemoteSwiftPackageReference;
			repositoryURL = "https://github.com/evgenyneu/keychain-swift.git";
			requirement = {
				kind = upToNextMajorVersion;
				minimumVersion = 24.0.0;
			};
		};
/* End XCRemoteSwiftPackageReference section */

/* Begin XCSwiftPackageProductDependency section */
		00B189672C9F5E5F0026E20D /* KeychainSwift */ = {
			isa = XCSwiftPackageProductDependency;
			package = 00B189662C9F5E5F0026E20D /* XCRemoteSwiftPackageReference "keychain-swift" */;
			productName = KeychainSwift;
		};
/* End XCSwiftPackageProductDependency section */
	};
	rootObject = 007D746E2C64CBA400F0AF18 /* Project object */;
}
